
Microsoft Visual Studio Solution File, Format Version 12.00
# Visual Studio Version 17
VisualStudioVersion = 17.5.002.0
MinimumVisualStudioVersion = 10.0.40219.1
Project("{9A19103F-16F7-4668-BE54-9A1E7A4F7556}") = "mutant", "mutant.csproj", "{9638521D-168E-42D9-B363-6FC12CAC8D36}"
EndProject
Global
	GlobalSection(SolutionConfigurationPlatforms) = preSolution
		Debug|Any CPU = Debug|Any CPU
		Release|Any CPU = Release|Any CPU
	EndGlobalSection
	GlobalSection(ProjectConfigurationPlatforms) = postSolution
		{9638521D-168E-42D9-B363-6FC12CAC8D36}.Debug|Any CPU.ActiveCfg = Debug|Any CPU
		{9638521D-168E-42D9-B363-6FC12CAC8D36}.Debug|Any CPU.Build.0 = Debug|Any CPU
		{9638521D-168E-42D9-B363-6FC12CAC8D36}.Release|Any CPU.ActiveCfg = Release|Any CPU
		{9638521D-168E-42D9-B363-6FC12CAC8D36}.Release|Any CPU.Build.0 = Release|Any CPU
	EndGlobalSection
	GlobalSection(SolutionProperties) = preSolution
		HideSolutionNode = FALSE
	EndGlobalSection
	GlobalSection(ExtensibilityGlobals) = postSolution
		SolutionGuid = {781B8630-F920-41B4-AA80-C8A4C04E1064}
	EndGlobalSection
EndGlobal
